
Microsoft Visual Studio Solution File, Format Version 12.00
# Visual Studio Version 17
VisualStudioVersion = 17.14.36414.22 d17.14
MinimumVisualStudioVersion = 10.0.40219.1
Project("{FAE04EC0-301F-11D3-BF4B-00C04F79EFBC}") = "Maverick.Agent", "Maverick.Agent.csproj", "{3759C5E5-75D0-4986-8D15-2CC2D5B8EF16}"
EndProject
Global
	GlobalSection(SolutionConfigurationPlatforms) = preSolution
		Debug|Any CPU = Debug|Any CPU
		Release|Any CPU = Release|Any CPU
	EndGlobalSection
	GlobalSection(ProjectConfigurationPlatforms) = postSolution
		{3759C5E5-75D0-4986-8D15-2CC2D5B8EF16}.Debug|Any CPU.ActiveCfg = Debug|Any CPU
		{3759C5E5-75D0-4986-8D15-2CC2D5B8EF16}.Debug|Any CPU.Build.0 = Debug|Any CPU
		{3759C5E5-75D0-4986-8D15-2CC2D5B8EF16}.Release|Any CPU.ActiveCfg = Release|Any CPU
		{3759C5E5-75D0-4986-8D15-2CC2D5B8EF16}.Release|Any CPU.Build.0 = Release|Any CPU
	EndGlobalSection
	GlobalSection(SolutionProperties) = preSolution
		HideSolutionNode = FALSE
	EndGlobalSection
	GlobalSection(ExtensibilityGlobals) = postSolution
		SolutionGuid = {F9C1DCC5-CAE7-45D2-9EE9-6B218CECCC91}
	EndGlobalSection
EndGlobal
